// !$*UTF8*$!
{
	archiveVersion = 1;
	classes = {
	};
	objectVersion = 51;
	objects = {

/* Begin PBXBuildFile section */
		0E74373ABF7E2CA09F9674B0 /* Pods_ColorClash_ColorClashUITests.framework in Frameworks */ = {isa = PBXBuildFile; fileRef = EB1221830B5AAA4390E41C20 /* Pods_ColorClash_ColorClashUITests.framework */; };
		380BC51D256E379B00A8652C /* Tile.swift in Sources */ = {isa = PBXBuildFile; fileRef = 380BC51C256E379B00A8652C /* Tile.swift */; };
		380F36C4256F570D00BA06C7 /* Board.swift in Sources */ = {isa = PBXBuildFile; fileRef = 380F36C3256F570D00BA06C7 /* Board.swift */; };
		38765C3D257C3D86008435B5 /* Wall.swift in Sources */ = {isa = PBXBuildFile; fileRef = 38765C3C257C3D86008435B5 /* Wall.swift */; };
		38BEC54C25787809003E6D19 /* ColorHelper.swift in Sources */ = {isa = PBXBuildFile; fileRef = 38BEC54B25787809003E6D19 /* ColorHelper.swift */; };
		38C40526256E2A0F00DD10DE /* Color.swift in Sources */ = {isa = PBXBuildFile; fileRef = 38C40525256E2A0F00DD10DE /* Color.swift */; };
		45AD365AC90604284A5116AE /* Pods_ColorClashTests.framework in Frameworks */ = {isa = PBXBuildFile; fileRef = 7C9BCCBB053379574B885AE1 /* Pods_ColorClashTests.framework */; };
		4C12FBCF261FED0E005356EE /* ContinueGameViewController.swift in Sources */ = {isa = PBXBuildFile; fileRef = 4C12FBCE261FED0E005356EE /* ContinueGameViewController.swift */; };
		4C3F4419257EED4000012BE4 /* CustomLabel.swift in Sources */ = {isa = PBXBuildFile; fileRef = 4C3F4418257EED4000012BE4 /* CustomLabel.swift */; };
		4C3F441E257EFE1A00012BE4 /* CustomButton.swift in Sources */ = {isa = PBXBuildFile; fileRef = 4C3F441D257EFE1900012BE4 /* CustomButton.swift */; };
		4C3F4423257F050800012BE4 /* TheBattleContinuez.ttf in Resources */ = {isa = PBXBuildFile; fileRef = 4C3F4422257F050700012BE4 /* TheBattleContinuez.ttf */; };
		4C3F442E257F06FE00012BE4 /* DelicateSansBold.ttf in Resources */ = {isa = PBXBuildFile; fileRef = 4C3F442D257F06FE00012BE4 /* DelicateSansBold.ttf */; };
		4C3F4436257F448800012BE4 /* ADrippingMarker.ttf in Resources */ = {isa = PBXBuildFile; fileRef = 4C3F4435257F448700012BE4 /* ADrippingMarker.ttf */; };
		4C3F443E257F4A1B00012BE4 /* JosefinSansRegular.ttf in Resources */ = {isa = PBXBuildFile; fileRef = 4C3F443D257F4A1A00012BE4 /* JosefinSansRegular.ttf */; };
		4C3F4446257F666C00012BE4 /* Profile_ViewController.swift in Sources */ = {isa = PBXBuildFile; fileRef = 4C3F4445257F666C00012BE4 /* Profile_ViewController.swift */; };
		4C3F444B257F669400012BE4 /* Levels_ViewController.swift in Sources */ = {isa = PBXBuildFile; fileRef = 4C3F444A257F669400012BE4 /* Levels_ViewController.swift */; };
		4C3F4450257F66B800012BE4 /* Leaderboards_ViewController.swift in Sources */ = {isa = PBXBuildFile; fileRef = 4C3F444F257F66B800012BE4 /* Leaderboards_ViewController.swift */; };
		4C3F4455257F66C900012BE4 /* Store_ViewController.swift in Sources */ = {isa = PBXBuildFile; fileRef = 4C3F4454257F66C900012BE4 /* Store_ViewController.swift */; };
		4C4E26972582F71800C133F7 /* Login_ViewController.swift in Sources */ = {isa = PBXBuildFile; fileRef = 4C4E26962582F71800C133F7 /* Login_ViewController.swift */; };
		4C69EA57257B682E00C3D2F2 /* SingleGame_ViewController.swift in Sources */ = {isa = PBXBuildFile; fileRef = 4C69EA56257B682E00C3D2F2 /* SingleGame_ViewController.swift */; };
		4C69EA5C257C5BE500C3D2F2 /* AbingdonBold.ttf in Resources */ = {isa = PBXBuildFile; fileRef = 4C69EA5B257C5BE400C3D2F2 /* AbingdonBold.ttf */; };
		4C69EA64257C611800C3D2F2 /* AssassinNinja.ttf in Resources */ = {isa = PBXBuildFile; fileRef = 4C69EA63257C611700C3D2F2 /* AssassinNinja.ttf */; };
		4C69EA6C257C624100C3D2F2 /* HeyNovember.ttf in Resources */ = {isa = PBXBuildFile; fileRef = 4C69EA6B257C624000C3D2F2 /* HeyNovember.ttf */; };
		4C8DC1D1256E240400ECCCD5 /* AppDelegate.swift in Sources */ = {isa = PBXBuildFile; fileRef = 4C8DC1D0256E240400ECCCD5 /* AppDelegate.swift */; };
		4C8DC1D3256E240400ECCCD5 /* SceneDelegate.swift in Sources */ = {isa = PBXBuildFile; fileRef = 4C8DC1D2256E240400ECCCD5 /* SceneDelegate.swift */; };
		4C8DC1D5256E240400ECCCD5 /* ViewController.swift in Sources */ = {isa = PBXBuildFile; fileRef = 4C8DC1D4256E240400ECCCD5 /* ViewController.swift */; };
		4C8DC1D8256E240400ECCCD5 /* Main.storyboard in Resources */ = {isa = PBXBuildFile; fileRef = 4C8DC1D6256E240400ECCCD5 /* Main.storyboard */; };
		4C8DC1DA256E240700ECCCD5 /* Assets.xcassets in Resources */ = {isa = PBXBuildFile; fileRef = 4C8DC1D9256E240700ECCCD5 /* Assets.xcassets */; };
		4C8DC1DD256E240700ECCCD5 /* LaunchScreen.storyboard in Resources */ = {isa = PBXBuildFile; fileRef = 4C8DC1DB256E240700ECCCD5 /* LaunchScreen.storyboard */; };
		4C8DC1E8256E240700ECCCD5 /* ColorClashTests.swift in Sources */ = {isa = PBXBuildFile; fileRef = 4C8DC1E7256E240700ECCCD5 /* ColorClashTests.swift */; };
		4C8DC1F3256E240700ECCCD5 /* ColorClashUITests.swift in Sources */ = {isa = PBXBuildFile; fileRef = 4C8DC1F2256E240700ECCCD5 /* ColorClashUITests.swift */; };
		4C8DC210256E28F400ECCCD5 /* GoogleService-Info.plist in Resources */ = {isa = PBXBuildFile; fileRef = 4C8DC20F256E28F300ECCCD5 /* GoogleService-Info.plist */; };
		4CA786902623AD7800E42485 /* StoreKit.framework in Frameworks */ = {isa = PBXBuildFile; fileRef = 4CA7868F2623AD7800E42485 /* StoreKit.framework */; };
		4CB7BDF425BFB4780043EC21 /* BackgroundMusic.mp3 in Resources */ = {isa = PBXBuildFile; fileRef = 4CB7BDF325BFB4760043EC21 /* BackgroundMusic.mp3 */; };
		4CB7BDFC25BFCD840043EC21 /* BackgroundMusic2.mp3 in Resources */ = {isa = PBXBuildFile; fileRef = 4CB7BDFB25BFCD840043EC21 /* BackgroundMusic2.mp3 */; };
		4CDDA03625770864001DB53F /* MusicPlayer.swift in Sources */ = {isa = PBXBuildFile; fileRef = 4CDDA03525770863001DB53F /* MusicPlayer.swift */; };
		4CE7D767259D499900E658F9 /* UserDocument.swift in Sources */ = {isa = PBXBuildFile; fileRef = 4CE7D766259D499900E658F9 /* UserDocument.swift */; };
		4CE7D76F259D4F7700E658F9 /* Loading_ViewController.swift in Sources */ = {isa = PBXBuildFile; fileRef = 4CE7D76E259D4F7700E658F9 /* Loading_ViewController.swift */; };
		4CE7D78C259D983800E658F9 /* VollkornMedium.ttf in Resources */ = {isa = PBXBuildFile; fileRef = 4CE7D78B259D983800E658F9 /* VollkornMedium.ttf */; };
		4CE7D79425A41B8E00E658F9 /* SingleGame.swift in Sources */ = {isa = PBXBuildFile; fileRef = 4CE7D79325A41B8B00E658F9 /* SingleGame.swift */; };
		4CE7D79925A41DF700E658F9 /* SingleGameScoresDocument.swift in Sources */ = {isa = PBXBuildFile; fileRef = 4CE7D79825A41DF700E658F9 /* SingleGameScoresDocument.swift */; };
		4CE7D7A125A8004D00E658F9 /* Hazard.swift in Sources */ = {isa = PBXBuildFile; fileRef = 4CE7D7A025A8004C00E658F9 /* Hazard.swift */; };
		4CF2859725AC1D65004FC644 /* CustomTableCell.swift in Sources */ = {isa = PBXBuildFile; fileRef = 4CF2859625AC1D63004FC644 /* CustomTableCell.swift */; };
		4CF285B825B7F69C004FC644 /* LeaderboardsTableCell.swift in Sources */ = {isa = PBXBuildFile; fileRef = 4CF285B725B7F699004FC644 /* LeaderboardsTableCell.swift */; };
		4CF285BD25B7FD29004FC644 /* Leader.swift in Sources */ = {isa = PBXBuildFile; fileRef = 4CF285BC25B7FD28004FC644 /* Leader.swift */; };
		4CF285C225BD1D3A004FC644 /* Level.swift in Sources */ = {isa = PBXBuildFile; fileRef = 4CF285C125BD1D33004FC644 /* Level.swift */; };
		4CF8A6B0257831A5009B98D3 /* TileCombine.wav in Resources */ = {isa = PBXBuildFile; fileRef = 4CF8A6AF257831A5009B98D3 /* TileCombine.wav */; };
		4CF8A6B8257832F5009B98D3 /* PointScored.wav in Resources */ = {isa = PBXBuildFile; fileRef = 4CF8A6B7257832F4009B98D3 /* PointScored.wav */; };
		4CF8A6C62579D8B7009B98D3 /* Click2.wav in Resources */ = {isa = PBXBuildFile; fileRef = 4CF8A6C52579D8B7009B98D3 /* Click2.wav */; };
		4CF8A6DA2579E19B009B98D3 /* Launch_ViewController.swift in Sources */ = {isa = PBXBuildFile; fileRef = 4CF8A6D92579E19A009B98D3 /* Launch_ViewController.swift */; };
		4CF8A6F62579E736009B98D3 /* Arang.ttf in Resources */ = {isa = PBXBuildFile; fileRef = 4CF8A6F52579E736009B98D3 /* Arang.ttf */; };
		879AF47FF903D6DE22028F33 /* Pods_ColorClash.framework in Frameworks */ = {isa = PBXBuildFile; fileRef = 627C87105F3C79A307114387 /* Pods_ColorClash.framework */; };
/* End PBXBuildFile section */

/* Begin PBXContainerItemProxy section */
		4C8DC1E4256E240700ECCCD5 /* PBXContainerItemProxy */ = {
			isa = PBXContainerItemProxy;
			containerPortal = 4C8DC1C5256E240400ECCCD5 /* Project object */;
			proxyType = 1;
			remoteGlobalIDString = 4C8DC1CC256E240400ECCCD5;
			remoteInfo = ColorClash;
		};
		4C8DC1EF256E240700ECCCD5 /* PBXContainerItemProxy */ = {
			isa = PBXContainerItemProxy;
			containerPortal = 4C8DC1C5256E240400ECCCD5 /* Project object */;
			proxyType = 1;
			remoteGlobalIDString = 4C8DC1CC256E240400ECCCD5;
			remoteInfo = ColorClash;
		};
/* End PBXContainerItemProxy section */

/* Begin PBXFileReference section */
		380BC51C256E379B00A8652C /* Tile.swift */ = {isa = PBXFileReference; lastKnownFileType = sourcecode.swift; path = Tile.swift; sourceTree = "<group>"; };
		380F36C3256F570D00BA06C7 /* Board.swift */ = {isa = PBXFileReference; lastKnownFileType = sourcecode.swift; path = Board.swift; sourceTree = "<group>"; };
		38765C3C257C3D86008435B5 /* Wall.swift */ = {isa = PBXFileReference; lastKnownFileType = sourcecode.swift; path = Wall.swift; sourceTree = "<group>"; };
		38BEC54B25787809003E6D19 /* ColorHelper.swift */ = {isa = PBXFileReference; lastKnownFileType = sourcecode.swift; path = ColorHelper.swift; sourceTree = "<group>"; };
		38C40525256E2A0F00DD10DE /* Color.swift */ = {isa = PBXFileReference; lastKnownFileType = sourcecode.swift; path = Color.swift; sourceTree = "<group>"; };
		4C12FBCE261FED0E005356EE /* ContinueGameViewController.swift */ = {isa = PBXFileReference; lastKnownFileType = sourcecode.swift; path = ContinueGameViewController.swift; sourceTree = "<group>"; };
		4C3F4418257EED4000012BE4 /* CustomLabel.swift */ = {isa = PBXFileReference; lastKnownFileType = sourcecode.swift; path = CustomLabel.swift; sourceTree = "<group>"; };
		4C3F441D257EFE1900012BE4 /* CustomButton.swift */ = {isa = PBXFileReference; lastKnownFileType = sourcecode.swift; path = CustomButton.swift; sourceTree = "<group>"; };
		4C3F4422257F050700012BE4 /* TheBattleContinuez.ttf */ = {isa = PBXFileReference; lastKnownFileType = file; path = TheBattleContinuez.ttf; sourceTree = "<group>"; };
		4C3F442D257F06FE00012BE4 /* DelicateSansBold.ttf */ = {isa = PBXFileReference; lastKnownFileType = file; path = DelicateSansBold.ttf; sourceTree = "<group>"; };
		4C3F4435257F448700012BE4 /* ADrippingMarker.ttf */ = {isa = PBXFileReference; lastKnownFileType = file; path = ADrippingMarker.ttf; sourceTree = "<group>"; };
		4C3F443D257F4A1A00012BE4 /* JosefinSansRegular.ttf */ = {isa = PBXFileReference; lastKnownFileType = file; path = JosefinSansRegular.ttf; sourceTree = "<group>"; };
		4C3F4445257F666C00012BE4 /* Profile_ViewController.swift */ = {isa = PBXFileReference; lastKnownFileType = sourcecode.swift; path = Profile_ViewController.swift; sourceTree = "<group>"; };
		4C3F444A257F669400012BE4 /* Levels_ViewController.swift */ = {isa = PBXFileReference; lastKnownFileType = sourcecode.swift; path = Levels_ViewController.swift; sourceTree = "<group>"; };
		4C3F444F257F66B800012BE4 /* Leaderboards_ViewController.swift */ = {isa = PBXFileReference; lastKnownFileType = sourcecode.swift; path = Leaderboards_ViewController.swift; sourceTree = "<group>"; };
		4C3F4454257F66C900012BE4 /* Store_ViewController.swift */ = {isa = PBXFileReference; lastKnownFileType = sourcecode.swift; path = Store_ViewController.swift; sourceTree = "<group>"; };
		4C4E26592582EA4400C133F7 /* ColorClash.entitlements */ = {isa = PBXFileReference; lastKnownFileType = text.plist.entitlements; path = ColorClash.entitlements; sourceTree = "<group>"; };
		4C4E26962582F71800C133F7 /* Login_ViewController.swift */ = {isa = PBXFileReference; lastKnownFileType = sourcecode.swift; path = Login_ViewController.swift; sourceTree = "<group>"; };
		4C69EA56257B682E00C3D2F2 /* SingleGame_ViewController.swift */ = {isa = PBXFileReference; lastKnownFileType = sourcecode.swift; path = SingleGame_ViewController.swift; sourceTree = "<group>"; };
		4C69EA5B257C5BE400C3D2F2 /* AbingdonBold.ttf */ = {isa = PBXFileReference; lastKnownFileType = file; path = AbingdonBold.ttf; sourceTree = "<group>"; };
		4C69EA63257C611700C3D2F2 /* AssassinNinja.ttf */ = {isa = PBXFileReference; lastKnownFileType = file; path = AssassinNinja.ttf; sourceTree = "<group>"; };
		4C69EA6B257C624000C3D2F2 /* HeyNovember.ttf */ = {isa = PBXFileReference; lastKnownFileType = file; path = HeyNovember.ttf; sourceTree = "<group>"; };
		4C8DC1CD256E240400ECCCD5 /* ColorClash.app */ = {isa = PBXFileReference; explicitFileType = wrapper.application; includeInIndex = 0; path = ColorClash.app; sourceTree = BUILT_PRODUCTS_DIR; };
		4C8DC1D0256E240400ECCCD5 /* AppDelegate.swift */ = {isa = PBXFileReference; lastKnownFileType = sourcecode.swift; path = AppDelegate.swift; sourceTree = "<group>"; };
		4C8DC1D2256E240400ECCCD5 /* SceneDelegate.swift */ = {isa = PBXFileReference; lastKnownFileType = sourcecode.swift; path = SceneDelegate.swift; sourceTree = "<group>"; };
		4C8DC1D4256E240400ECCCD5 /* ViewController.swift */ = {isa = PBXFileReference; lastKnownFileType = sourcecode.swift; path = ViewController.swift; sourceTree = "<group>"; };
		4C8DC1D7256E240400ECCCD5 /* Base */ = {isa = PBXFileReference; lastKnownFileType = file.storyboard; name = Base; path = Base.lproj/Main.storyboard; sourceTree = "<group>"; };
		4C8DC1D9256E240700ECCCD5 /* Assets.xcassets */ = {isa = PBXFileReference; lastKnownFileType = folder.assetcatalog; path = Assets.xcassets; sourceTree = "<group>"; };
		4C8DC1DC256E240700ECCCD5 /* Base */ = {isa = PBXFileReference; lastKnownFileType = file.storyboard; name = Base; path = Base.lproj/LaunchScreen.storyboard; sourceTree = "<group>"; };
		4C8DC1DE256E240700ECCCD5 /* Info.plist */ = {isa = PBXFileReference; lastKnownFileType = text.plist.xml; path = Info.plist; sourceTree = "<group>"; };
		4C8DC1E3256E240700ECCCD5 /* ColorClashTests.xctest */ = {isa = PBXFileReference; explicitFileType = wrapper.cfbundle; includeInIndex = 0; path = ColorClashTests.xctest; sourceTree = BUILT_PRODUCTS_DIR; };
		4C8DC1E7256E240700ECCCD5 /* ColorClashTests.swift */ = {isa = PBXFileReference; lastKnownFileType = sourcecode.swift; path = ColorClashTests.swift; sourceTree = "<group>"; };
		4C8DC1E9256E240700ECCCD5 /* Info.plist */ = {isa = PBXFileReference; lastKnownFileType = text.plist.xml; path = Info.plist; sourceTree = "<group>"; };
		4C8DC1EE256E240700ECCCD5 /* ColorClashUITests.xctest */ = {isa = PBXFileReference; explicitFileType = wrapper.cfbundle; includeInIndex = 0; path = ColorClashUITests.xctest; sourceTree = BUILT_PRODUCTS_DIR; };
		4C8DC1F2256E240700ECCCD5 /* ColorClashUITests.swift */ = {isa = PBXFileReference; lastKnownFileType = sourcecode.swift; path = ColorClashUITests.swift; sourceTree = "<group>"; };
		4C8DC1F4256E240700ECCCD5 /* Info.plist */ = {isa = PBXFileReference; lastKnownFileType = text.plist.xml; path = Info.plist; sourceTree = "<group>"; };
		4C8DC20F256E28F300ECCCD5 /* GoogleService-Info.plist */ = {isa = PBXFileReference; fileEncoding = 4; lastKnownFileType = text.plist.xml; path = "GoogleService-Info.plist"; sourceTree = "<group>"; };
		4CA7868F2623AD7800E42485 /* StoreKit.framework */ = {isa = PBXFileReference; lastKnownFileType = wrapper.framework; name = StoreKit.framework; path = System/Library/Frameworks/StoreKit.framework; sourceTree = SDKROOT; };
		4CB7BDF325BFB4760043EC21 /* BackgroundMusic.mp3 */ = {isa = PBXFileReference; lastKnownFileType = audio.mp3; path = BackgroundMusic.mp3; sourceTree = "<group>"; };
		4CB7BDFB25BFCD840043EC21 /* BackgroundMusic2.mp3 */ = {isa = PBXFileReference; lastKnownFileType = audio.mp3; path = BackgroundMusic2.mp3; sourceTree = "<group>"; };
		4CDDA03525770863001DB53F /* MusicPlayer.swift */ = {isa = PBXFileReference; lastKnownFileType = sourcecode.swift; path = MusicPlayer.swift; sourceTree = "<group>"; };
		4CE7D766259D499900E658F9 /* UserDocument.swift */ = {isa = PBXFileReference; lastKnownFileType = sourcecode.swift; path = UserDocument.swift; sourceTree = "<group>"; };
		4CE7D76E259D4F7700E658F9 /* Loading_ViewController.swift */ = {isa = PBXFileReference; lastKnownFileType = sourcecode.swift; path = Loading_ViewController.swift; sourceTree = "<group>"; };
		4CE7D78B259D983800E658F9 /* VollkornMedium.ttf */ = {isa = PBXFileReference; lastKnownFileType = file; path = VollkornMedium.ttf; sourceTree = "<group>"; };
		4CE7D79325A41B8B00E658F9 /* SingleGame.swift */ = {isa = PBXFileReference; lastKnownFileType = sourcecode.swift; path = SingleGame.swift; sourceTree = "<group>"; };
		4CE7D79825A41DF700E658F9 /* SingleGameScoresDocument.swift */ = {isa = PBXFileReference; lastKnownFileType = sourcecode.swift; path = SingleGameScoresDocument.swift; sourceTree = "<group>"; };
		4CE7D7A025A8004C00E658F9 /* Hazard.swift */ = {isa = PBXFileReference; lastKnownFileType = sourcecode.swift; path = Hazard.swift; sourceTree = "<group>"; };
		4CF2859625AC1D63004FC644 /* CustomTableCell.swift */ = {isa = PBXFileReference; lastKnownFileType = sourcecode.swift; path = CustomTableCell.swift; sourceTree = "<group>"; };
		4CF285B725B7F699004FC644 /* LeaderboardsTableCell.swift */ = {isa = PBXFileReference; lastKnownFileType = sourcecode.swift; path = LeaderboardsTableCell.swift; sourceTree = "<group>"; };
		4CF285BC25B7FD28004FC644 /* Leader.swift */ = {isa = PBXFileReference; lastKnownFileType = sourcecode.swift; path = Leader.swift; sourceTree = "<group>"; };
		4CF285C125BD1D33004FC644 /* Level.swift */ = {isa = PBXFileReference; lastKnownFileType = sourcecode.swift; path = Level.swift; sourceTree = "<group>"; };
		4CF8A6AF257831A5009B98D3 /* TileCombine.wav */ = {isa = PBXFileReference; lastKnownFileType = audio.wav; path = TileCombine.wav; sourceTree = "<group>"; };
		4CF8A6B7257832F4009B98D3 /* PointScored.wav */ = {isa = PBXFileReference; lastKnownFileType = audio.wav; path = PointScored.wav; sourceTree = "<group>"; };
		4CF8A6C52579D8B7009B98D3 /* Click2.wav */ = {isa = PBXFileReference; lastKnownFileType = audio.wav; path = Click2.wav; sourceTree = "<group>"; };
		4CF8A6D92579E19A009B98D3 /* Launch_ViewController.swift */ = {isa = PBXFileReference; lastKnownFileType = sourcecode.swift; path = Launch_ViewController.swift; sourceTree = "<group>"; };
		4CF8A6F52579E736009B98D3 /* Arang.ttf */ = {isa = PBXFileReference; lastKnownFileType = file; path = Arang.ttf; sourceTree = "<group>"; };
		5E2C709E1E6EB4EB5BBFC7C1 /* Pods-ColorClash-ColorClashUITests.debug.xcconfig */ = {isa = PBXFileReference; includeInIndex = 1; lastKnownFileType = text.xcconfig; name = "Pods-ColorClash-ColorClashUITests.debug.xcconfig"; path = "Target Support Files/Pods-ColorClash-ColorClashUITests/Pods-ColorClash-ColorClashUITests.debug.xcconfig"; sourceTree = "<group>"; };
		627C87105F3C79A307114387 /* Pods_ColorClash.framework */ = {isa = PBXFileReference; explicitFileType = wrapper.framework; includeInIndex = 0; path = Pods_ColorClash.framework; sourceTree = BUILT_PRODUCTS_DIR; };
		6D3D50693A97405A743157BF /* Pods-ColorClash.debug.xcconfig */ = {isa = PBXFileReference; includeInIndex = 1; lastKnownFileType = text.xcconfig; name = "Pods-ColorClash.debug.xcconfig"; path = "Target Support Files/Pods-ColorClash/Pods-ColorClash.debug.xcconfig"; sourceTree = "<group>"; };
		7C9BCCBB053379574B885AE1 /* Pods_ColorClashTests.framework */ = {isa = PBXFileReference; explicitFileType = wrapper.framework; includeInIndex = 0; path = Pods_ColorClashTests.framework; sourceTree = BUILT_PRODUCTS_DIR; };
		848B9DB80C1DAC0B6F82EED5 /* Pods-ColorClashTests.debug.xcconfig */ = {isa = PBXFileReference; includeInIndex = 1; lastKnownFileType = text.xcconfig; name = "Pods-ColorClashTests.debug.xcconfig"; path = "Target Support Files/Pods-ColorClashTests/Pods-ColorClashTests.debug.xcconfig"; sourceTree = "<group>"; };
		C5C17F8F289CFB9B803C1678 /* Pods-ColorClash.release.xcconfig */ = {isa = PBXFileReference; includeInIndex = 1; lastKnownFileType = text.xcconfig; name = "Pods-ColorClash.release.xcconfig"; path = "Target Support Files/Pods-ColorClash/Pods-ColorClash.release.xcconfig"; sourceTree = "<group>"; };
		D46602924C7953A746205637 /* Pods-ColorClash-ColorClashUITests.release.xcconfig */ = {isa = PBXFileReference; includeInIndex = 1; lastKnownFileType = text.xcconfig; name = "Pods-ColorClash-ColorClashUITests.release.xcconfig"; path = "Target Support Files/Pods-ColorClash-ColorClashUITests/Pods-ColorClash-ColorClashUITests.release.xcconfig"; sourceTree = "<group>"; };
		D72E49169214A601D32BFEC6 /* Pods-ColorClashTests.release.xcconfig */ = {isa = PBXFileReference; includeInIndex = 1; lastKnownFileType = text.xcconfig; name = "Pods-ColorClashTests.release.xcconfig"; path = "Target Support Files/Pods-ColorClashTests/Pods-ColorClashTests.release.xcconfig"; sourceTree = "<group>"; };
		EB1221830B5AAA4390E41C20 /* Pods_ColorClash_ColorClashUITests.framework */ = {isa = PBXFileReference; explicitFileType = wrapper.framework; includeInIndex = 0; path = Pods_ColorClash_ColorClashUITests.framework; sourceTree = BUILT_PRODUCTS_DIR; };
/* End PBXFileReference section */

/* Begin PBXFrameworksBuildPhase section */
		4C8DC1CA256E240400ECCCD5 /* Frameworks */ = {
			isa = PBXFrameworksBuildPhase;
			buildActionMask = 2147483647;
			files = (
				4CA786902623AD7800E42485 /* StoreKit.framework in Frameworks */,
				879AF47FF903D6DE22028F33 /* Pods_ColorClash.framework in Frameworks */,
			);
			runOnlyForDeploymentPostprocessing = 0;
		};
		4C8DC1E0256E240700ECCCD5 /* Frameworks */ = {
			isa = PBXFrameworksBuildPhase;
			buildActionMask = 2147483647;
			files = (
				45AD365AC90604284A5116AE /* Pods_ColorClashTests.framework in Frameworks */,
			);
			runOnlyForDeploymentPostprocessing = 0;
		};
		4C8DC1EB256E240700ECCCD5 /* Frameworks */ = {
			isa = PBXFrameworksBuildPhase;
			buildActionMask = 2147483647;
			files = (
				0E74373ABF7E2CA09F9674B0 /* Pods_ColorClash_ColorClashUITests.framework in Frameworks */,
			);
			runOnlyForDeploymentPostprocessing = 0;
		};
/* End PBXFrameworksBuildPhase section */

/* Begin PBXGroup section */
		145B3BD6A207BB82F7D2C7EF /* Pods */ = {
			isa = PBXGroup;
			children = (
				6D3D50693A97405A743157BF /* Pods-ColorClash.debug.xcconfig */,
				C5C17F8F289CFB9B803C1678 /* Pods-ColorClash.release.xcconfig */,
				5E2C709E1E6EB4EB5BBFC7C1 /* Pods-ColorClash-ColorClashUITests.debug.xcconfig */,
				D46602924C7953A746205637 /* Pods-ColorClash-ColorClashUITests.release.xcconfig */,
				848B9DB80C1DAC0B6F82EED5 /* Pods-ColorClashTests.debug.xcconfig */,
				D72E49169214A601D32BFEC6 /* Pods-ColorClashTests.release.xcconfig */,
			);
			path = Pods;
			sourceTree = "<group>";
		};
		4C8DC1C4256E240400ECCCD5 = {
			isa = PBXGroup;
			children = (
				4C8DC1CF256E240400ECCCD5 /* ColorClash */,
				4C8DC1E6256E240700ECCCD5 /* ColorClashTests */,
				4C8DC1F1256E240700ECCCD5 /* ColorClashUITests */,
				4C8DC1CE256E240400ECCCD5 /* Products */,
				145B3BD6A207BB82F7D2C7EF /* Pods */,
				6D93BE2A7C17A5B108C2F30C /* Frameworks */,
			);
			sourceTree = "<group>";
		};
		4C8DC1CE256E240400ECCCD5 /* Products */ = {
			isa = PBXGroup;
			children = (
				4C8DC1CD256E240400ECCCD5 /* ColorClash.app */,
				4C8DC1E3256E240700ECCCD5 /* ColorClashTests.xctest */,
				4C8DC1EE256E240700ECCCD5 /* ColorClashUITests.xctest */,
			);
			name = Products;
			sourceTree = "<group>";
		};
		4C8DC1CF256E240400ECCCD5 /* ColorClash */ = {
			isa = PBXGroup;
			children = (
				4CF8A6E82579E214009B98D3 /* View Controllers */,
				4CF8A6E72579E1F4009B98D3 /* Classes */,
				4CF8A6E52579E1D0009B98D3 /* Storyboards */,
				4CF8A6DE2579E1B8009B98D3 /* Delegate Classes */,
				4CDDA0342576ED14001DB53F /* Sounds */,
				4CF8A6F42579E717009B98D3 /* Fonts */,
				4C8DC1D9256E240700ECCCD5 /* Assets.xcassets */,
				4C8DC1DE256E240700ECCCD5 /* Info.plist */,
				4C8DC20F256E28F300ECCCD5 /* GoogleService-Info.plist */,
				4C4E26592582EA4400C133F7 /* ColorClash.entitlements */,
			);
			path = ColorClash;
			sourceTree = "<group>";
		};
		4C8DC1E6256E240700ECCCD5 /* ColorClashTests */ = {
			isa = PBXGroup;
			children = (
				4C8DC1E7256E240700ECCCD5 /* ColorClashTests.swift */,
				4C8DC1E9256E240700ECCCD5 /* Info.plist */,
			);
			path = ColorClashTests;
			sourceTree = "<group>";
		};
		4C8DC1F1256E240700ECCCD5 /* ColorClashUITests */ = {
			isa = PBXGroup;
			children = (
				4C8DC1F2256E240700ECCCD5 /* ColorClashUITests.swift */,
				4C8DC1F4256E240700ECCCD5 /* Info.plist */,
			);
			path = ColorClashUITests;
			sourceTree = "<group>";
		};
		4CDDA0342576ED14001DB53F /* Sounds */ = {
			isa = PBXGroup;
			children = (
				4CB7BDF325BFB4760043EC21 /* BackgroundMusic.mp3 */,
				4CB7BDFB25BFCD840043EC21 /* BackgroundMusic2.mp3 */,
				4CF8A6C52579D8B7009B98D3 /* Click2.wav */,
				4CF8A6B7257832F4009B98D3 /* PointScored.wav */,
				4CF8A6AF257831A5009B98D3 /* TileCombine.wav */,
				4CDDA03525770863001DB53F /* MusicPlayer.swift */,
			);
			path = Sounds;
			sourceTree = "<group>";
		};
		4CF8A6DE2579E1B8009B98D3 /* Delegate Classes */ = {
			isa = PBXGroup;
			children = (
				4C8DC1D0256E240400ECCCD5 /* AppDelegate.swift */,
				4C8DC1D2256E240400ECCCD5 /* SceneDelegate.swift */,
			);
			path = "Delegate Classes";
			sourceTree = "<group>";
		};
		4CF8A6E52579E1D0009B98D3 /* Storyboards */ = {
			isa = PBXGroup;
			children = (
				4C8DC1DB256E240700ECCCD5 /* LaunchScreen.storyboard */,
				4C8DC1D6256E240400ECCCD5 /* Main.storyboard */,
			);
			path = Storyboards;
			sourceTree = "<group>";
		};
		4CF8A6E72579E1F4009B98D3 /* Classes */ = {
			isa = PBXGroup;
			children = (
				380F36C3256F570D00BA06C7 /* Board.swift */,
				38C40525256E2A0F00DD10DE /* Color.swift */,
				38BEC54B25787809003E6D19 /* ColorHelper.swift */,
				4C3F441D257EFE1900012BE4 /* CustomButton.swift */,
				4C3F4418257EED4000012BE4 /* CustomLabel.swift */,
				380BC51C256E379B00A8652C /* Tile.swift */,
				38765C3C257C3D86008435B5 /* Wall.swift */,
				4CE7D766259D499900E658F9 /* UserDocument.swift */,
				4CE7D79325A41B8B00E658F9 /* SingleGame.swift */,
				4CE7D79825A41DF700E658F9 /* SingleGameScoresDocument.swift */,
				4CE7D7A025A8004C00E658F9 /* Hazard.swift */,
				4CF2859625AC1D63004FC644 /* CustomTableCell.swift */,
				4CF285B725B7F699004FC644 /* LeaderboardsTableCell.swift */,
				4CF285BC25B7FD28004FC644 /* Leader.swift */,
				4CF285C125BD1D33004FC644 /* Level.swift */,
			);
			path = Classes;
			sourceTree = "<group>";
		};
		4CF8A6E82579E214009B98D3 /* View Controllers */ = {
			isa = PBXGroup;
			children = (
				4CF8A6D92579E19A009B98D3 /* Launch_ViewController.swift */,
				4C3F444F257F66B800012BE4 /* Leaderboards_ViewController.swift */,
				4C3F444A257F669400012BE4 /* Levels_ViewController.swift */,
				4CE7D76E259D4F7700E658F9 /* Loading_ViewController.swift */,
				4C4E26962582F71800C133F7 /* Login_ViewController.swift */,
				4C3F4445257F666C00012BE4 /* Profile_ViewController.swift */,
				4C69EA56257B682E00C3D2F2 /* SingleGame_ViewController.swift */,
				4C3F4454257F66C900012BE4 /* Store_ViewController.swift */,
				4C8DC1D4256E240400ECCCD5 /* ViewController.swift */,
				4C12FBCE261FED0E005356EE /* ContinueGameViewController.swift */,
			);
			path = "View Controllers";
			sourceTree = "<group>";
		};
		4CF8A6F42579E717009B98D3 /* Fonts */ = {
			isa = PBXGroup;
			children = (
				4CE7D78B259D983800E658F9 /* VollkornMedium.ttf */,
				4C3F443D257F4A1A00012BE4 /* JosefinSansRegular.ttf */,
				4C3F4435257F448700012BE4 /* ADrippingMarker.ttf */,
				4C3F442D257F06FE00012BE4 /* DelicateSansBold.ttf */,
				4C3F4422257F050700012BE4 /* TheBattleContinuez.ttf */,
				4C69EA63257C611700C3D2F2 /* AssassinNinja.ttf */,
				4C69EA5B257C5BE400C3D2F2 /* AbingdonBold.ttf */,
				4CF8A6F52579E736009B98D3 /* Arang.ttf */,
				4C69EA6B257C624000C3D2F2 /* HeyNovember.ttf */,
			);
			path = Fonts;
			sourceTree = "<group>";
		};
		6D93BE2A7C17A5B108C2F30C /* Frameworks */ = {
			isa = PBXGroup;
			children = (
				4CA7868F2623AD7800E42485 /* StoreKit.framework */,
				627C87105F3C79A307114387 /* Pods_ColorClash.framework */,
				EB1221830B5AAA4390E41C20 /* Pods_ColorClash_ColorClashUITests.framework */,
				7C9BCCBB053379574B885AE1 /* Pods_ColorClashTests.framework */,
			);
			name = Frameworks;
			sourceTree = "<group>";
		};
/* End PBXGroup section */

/* Begin PBXNativeTarget section */
		4C8DC1CC256E240400ECCCD5 /* ColorClash */ = {
			isa = PBXNativeTarget;
			buildConfigurationList = 4C8DC1F7256E240700ECCCD5 /* Build configuration list for PBXNativeTarget "ColorClash" */;
			buildPhases = (
				A8EA6EE70CC5BB9C209C8440 /* [CP] Check Pods Manifest.lock */,
				4C8DC1C9256E240400ECCCD5 /* Sources */,
				4C8DC1CA256E240400ECCCD5 /* Frameworks */,
				4C8DC1CB256E240400ECCCD5 /* Resources */,
				392D59F52B65CFE04C77B815 /* [CP] Embed Pods Frameworks */,
			);
			buildRules = (
			);
			dependencies = (
			);
			name = ColorClash;
			productName = ColorClash;
			productReference = 4C8DC1CD256E240400ECCCD5 /* ColorClash.app */;
			productType = "com.apple.product-type.application";
		};
		4C8DC1E2256E240700ECCCD5 /* ColorClashTests */ = {
			isa = PBXNativeTarget;
			buildConfigurationList = 4C8DC1FA256E240700ECCCD5 /* Build configuration list for PBXNativeTarget "ColorClashTests" */;
			buildPhases = (
				DBE835052D74C79A28EAECCC /* [CP] Check Pods Manifest.lock */,
				4C8DC1DF256E240700ECCCD5 /* Sources */,
				4C8DC1E0256E240700ECCCD5 /* Frameworks */,
				4C8DC1E1256E240700ECCCD5 /* Resources */,
			);
			buildRules = (
			);
			dependencies = (
				4C8DC1E5256E240700ECCCD5 /* PBXTargetDependency */,
			);
			name = ColorClashTests;
			productName = ColorClashTests;
			productReference = 4C8DC1E3256E240700ECCCD5 /* ColorClashTests.xctest */;
			productType = "com.apple.product-type.bundle.unit-test";
		};
		4C8DC1ED256E240700ECCCD5 /* ColorClashUITests */ = {
			isa = PBXNativeTarget;
			buildConfigurationList = 4C8DC1FD256E240700ECCCD5 /* Build configuration list for PBXNativeTarget "ColorClashUITests" */;
			buildPhases = (
				A1AE80741F250C92AF01BE43 /* [CP] Check Pods Manifest.lock */,
				4C8DC1EA256E240700ECCCD5 /* Sources */,
				4C8DC1EB256E240700ECCCD5 /* Frameworks */,
				4C8DC1EC256E240700ECCCD5 /* Resources */,
				BCA0AD8C224FBCCCEE3EC934 /* [CP] Embed Pods Frameworks */,
			);
			buildRules = (
			);
			dependencies = (
				4C8DC1F0256E240700ECCCD5 /* PBXTargetDependency */,
			);
			name = ColorClashUITests;
			productName = ColorClashUITests;
			productReference = 4C8DC1EE256E240700ECCCD5 /* ColorClashUITests.xctest */;
			productType = "com.apple.product-type.bundle.ui-testing";
		};
/* End PBXNativeTarget section */

/* Begin PBXProject section */
		4C8DC1C5256E240400ECCCD5 /* Project object */ = {
			isa = PBXProject;
			attributes = {
				LastSwiftUpdateCheck = 1220;
				LastUpgradeCheck = 1220;
				TargetAttributes = {
					4C8DC1CC256E240400ECCCD5 = {
						CreatedOnToolsVersion = 12.2;
					};
					4C8DC1E2256E240700ECCCD5 = {
						CreatedOnToolsVersion = 12.2;
						TestTargetID = 4C8DC1CC256E240400ECCCD5;
					};
					4C8DC1ED256E240700ECCCD5 = {
						CreatedOnToolsVersion = 12.2;
						TestTargetID = 4C8DC1CC256E240400ECCCD5;
					};
				};
			};
			buildConfigurationList = 4C8DC1C8256E240400ECCCD5 /* Build configuration list for PBXProject "ColorClash" */;
			compatibilityVersion = "Xcode 9.3";
			developmentRegion = en;
			hasScannedForEncodings = 0;
			knownRegions = (
				en,
				Base,
			);
			mainGroup = 4C8DC1C4256E240400ECCCD5;
			productRefGroup = 4C8DC1CE256E240400ECCCD5 /* Products */;
			projectDirPath = "";
			projectRoot = "";
			targets = (
				4C8DC1CC256E240400ECCCD5 /* ColorClash */,
				4C8DC1E2256E240700ECCCD5 /* ColorClashTests */,
				4C8DC1ED256E240700ECCCD5 /* ColorClashUITests */,
			);
		};
/* End PBXProject section */

/* Begin PBXResourcesBuildPhase section */
		4C8DC1CB256E240400ECCCD5 /* Resources */ = {
			isa = PBXResourcesBuildPhase;
			buildActionMask = 2147483647;
			files = (
				4C69EA6C257C624100C3D2F2 /* HeyNovember.ttf in Resources */,
				4C8DC1DD256E240700ECCCD5 /* LaunchScreen.storyboard in Resources */,
				4C3F442E257F06FE00012BE4 /* DelicateSansBold.ttf in Resources */,
				4CF8A6F62579E736009B98D3 /* Arang.ttf in Resources */,
				4CF8A6B0257831A5009B98D3 /* TileCombine.wav in Resources */,
				4C8DC210256E28F400ECCCD5 /* GoogleService-Info.plist in Resources */,
				4CB7BDFC25BFCD840043EC21 /* BackgroundMusic2.mp3 in Resources */,
				4C69EA5C257C5BE500C3D2F2 /* AbingdonBold.ttf in Resources */,
				4CB7BDF425BFB4780043EC21 /* BackgroundMusic.mp3 in Resources */,
				4C8DC1DA256E240700ECCCD5 /* Assets.xcassets in Resources */,
				4C8DC1D8256E240400ECCCD5 /* Main.storyboard in Resources */,
				4CE7D78C259D983800E658F9 /* VollkornMedium.ttf in Resources */,
				4C3F4436257F448800012BE4 /* ADrippingMarker.ttf in Resources */,
				4CF8A6B8257832F5009B98D3 /* PointScored.wav in Resources */,
				4C69EA64257C611800C3D2F2 /* AssassinNinja.ttf in Resources */,
				4C3F4423257F050800012BE4 /* TheBattleContinuez.ttf in Resources */,
				4CF8A6C62579D8B7009B98D3 /* Click2.wav in Resources */,
				4C3F443E257F4A1B00012BE4 /* JosefinSansRegular.ttf in Resources */,
			);
			runOnlyForDeploymentPostprocessing = 0;
		};
		4C8DC1E1256E240700ECCCD5 /* Resources */ = {
			isa = PBXResourcesBuildPhase;
			buildActionMask = 2147483647;
			files = (
			);
			runOnlyForDeploymentPostprocessing = 0;
		};
		4C8DC1EC256E240700ECCCD5 /* Resources */ = {
			isa = PBXResourcesBuildPhase;
			buildActionMask = 2147483647;
			files = (
			);
			runOnlyForDeploymentPostprocessing = 0;
		};
/* End PBXResourcesBuildPhase section */

/* Begin PBXShellScriptBuildPhase section */
		392D59F52B65CFE04C77B815 /* [CP] Embed Pods Frameworks */ = {
			isa = PBXShellScriptBuildPhase;
			buildActionMask = 2147483647;
			files = (
			);
			inputFileListPaths = (
				"${PODS_ROOT}/Target Support Files/Pods-ColorClash/Pods-ColorClash-frameworks-${CONFIGURATION}-input-files.xcfilelist",
			);
			name = "[CP] Embed Pods Frameworks";
			outputFileListPaths = (
				"${PODS_ROOT}/Target Support Files/Pods-ColorClash/Pods-ColorClash-frameworks-${CONFIGURATION}-output-files.xcfilelist",
			);
			runOnlyForDeploymentPostprocessing = 0;
			shellPath = /bin/sh;
			shellScript = "\"${PODS_ROOT}/Target Support Files/Pods-ColorClash/Pods-ColorClash-frameworks.sh\"\n";
			showEnvVarsInLog = 0;
		};
		A1AE80741F250C92AF01BE43 /* [CP] Check Pods Manifest.lock */ = {
			isa = PBXShellScriptBuildPhase;
			buildActionMask = 2147483647;
			files = (
			);
			inputFileListPaths = (
			);
			inputPaths = (
				"${PODS_PODFILE_DIR_PATH}/Podfile.lock",
				"${PODS_ROOT}/Manifest.lock",
			);
			name = "[CP] Check Pods Manifest.lock";
			outputFileListPaths = (
			);
			outputPaths = (
				"$(DERIVED_FILE_DIR)/Pods-ColorClash-ColorClashUITests-checkManifestLockResult.txt",
			);
			runOnlyForDeploymentPostprocessing = 0;
			shellPath = /bin/sh;
			shellScript = "diff \"${PODS_PODFILE_DIR_PATH}/Podfile.lock\" \"${PODS_ROOT}/Manifest.lock\" > /dev/null\nif [ $? != 0 ] ; then\n    # print error to STDERR\n    echo \"error: The sandbox is not in sync with the Podfile.lock. Run 'pod install' or update your CocoaPods installation.\" >&2\n    exit 1\nfi\n# This output is used by Xcode 'outputs' to avoid re-running this script phase.\necho \"SUCCESS\" > \"${SCRIPT_OUTPUT_FILE_0}\"\n";
			showEnvVarsInLog = 0;
		};
		A8EA6EE70CC5BB9C209C8440 /* [CP] Check Pods Manifest.lock */ = {
			isa = PBXShellScriptBuildPhase;
			buildActionMask = 2147483647;
			files = (
			);
			inputFileListPaths = (
			);
			inputPaths = (
				"${PODS_PODFILE_DIR_PATH}/Podfile.lock",
				"${PODS_ROOT}/Manifest.lock",
			);
			name = "[CP] Check Pods Manifest.lock";
			outputFileListPaths = (
			);
			outputPaths = (
				"$(DERIVED_FILE_DIR)/Pods-ColorClash-checkManifestLockResult.txt",
			);
			runOnlyForDeploymentPostprocessing = 0;
			shellPath = /bin/sh;
			shellScript = "diff \"${PODS_PODFILE_DIR_PATH}/Podfile.lock\" \"${PODS_ROOT}/Manifest.lock\" > /dev/null\nif [ $? != 0 ] ; then\n    # print error to STDERR\n    echo \"error: The sandbox is not in sync with the Podfile.lock. Run 'pod install' or update your CocoaPods installation.\" >&2\n    exit 1\nfi\n# This output is used by Xcode 'outputs' to avoid re-running this script phase.\necho \"SUCCESS\" > \"${SCRIPT_OUTPUT_FILE_0}\"\n";
			showEnvVarsInLog = 0;
		};
		BCA0AD8C224FBCCCEE3EC934 /* [CP] Embed Pods Frameworks */ = {
			isa = PBXShellScriptBuildPhase;
			buildActionMask = 2147483647;
			files = (
			);
			inputFileListPaths = (
				"${PODS_ROOT}/Target Support Files/Pods-ColorClash-ColorClashUITests/Pods-ColorClash-ColorClashUITests-frameworks-${CONFIGURATION}-input-files.xcfilelist",
			);
			name = "[CP] Embed Pods Frameworks";
			outputFileListPaths = (
				"${PODS_ROOT}/Target Support Files/Pods-ColorClash-ColorClashUITests/Pods-ColorClash-ColorClashUITests-frameworks-${CONFIGURATION}-output-files.xcfilelist",
			);
			runOnlyForDeploymentPostprocessing = 0;
			shellPath = /bin/sh;
			shellScript = "\"${PODS_ROOT}/Target Support Files/Pods-ColorClash-ColorClashUITests/Pods-ColorClash-ColorClashUITests-frameworks.sh\"\n";
			showEnvVarsInLog = 0;
		};
		DBE835052D74C79A28EAECCC /* [CP] Check Pods Manifest.lock */ = {
			isa = PBXShellScriptBuildPhase;
			buildActionMask = 2147483647;
			files = (
			);
			inputFileListPaths = (
			);
			inputPaths = (
				"${PODS_PODFILE_DIR_PATH}/Podfile.lock",
				"${PODS_ROOT}/Manifest.lock",
			);
			name = "[CP] Check Pods Manifest.lock";
			outputFileListPaths = (
			);
			outputPaths = (
				"$(DERIVED_FILE_DIR)/Pods-ColorClashTests-checkManifestLockResult.txt",
			);
			runOnlyForDeploymentPostprocessing = 0;
			shellPath = /bin/sh;
			shellScript = "diff \"${PODS_PODFILE_DIR_PATH}/Podfile.lock\" \"${PODS_ROOT}/Manifest.lock\" > /dev/null\nif [ $? != 0 ] ; then\n    # print error to STDERR\n    echo \"error: The sandbox is not in sync with the Podfile.lock. Run 'pod install' or update your CocoaPods installation.\" >&2\n    exit 1\nfi\n# This output is used by Xcode 'outputs' to avoid re-running this script phase.\necho \"SUCCESS\" > \"${SCRIPT_OUTPUT_FILE_0}\"\n";
			showEnvVarsInLog = 0;
		};
/* End PBXShellScriptBuildPhase section */

/* Begin PBXSourcesBuildPhase section */
		4C8DC1C9256E240400ECCCD5 /* Sources */ = {
			isa = PBXSourcesBuildPhase;
			buildActionMask = 2147483647;
			files = (
				4C3F441E257EFE1A00012BE4 /* CustomButton.swift in Sources */,
				4C8DC1D5256E240400ECCCD5 /* ViewController.swift in Sources */,
				4C3F444B257F669400012BE4 /* Levels_ViewController.swift in Sources */,
				4CF285C225BD1D3A004FC644 /* Level.swift in Sources */,
				4CE7D76F259D4F7700E658F9 /* Loading_ViewController.swift in Sources */,
				4CE7D7A125A8004D00E658F9 /* Hazard.swift in Sources */,
				4CE7D767259D499900E658F9 /* UserDocument.swift in Sources */,
				38765C3D257C3D86008435B5 /* Wall.swift in Sources */,
				38C40526256E2A0F00DD10DE /* Color.swift in Sources */,
				4C3F4446257F666C00012BE4 /* Profile_ViewController.swift in Sources */,
				4C3F4455257F66C900012BE4 /* Store_ViewController.swift in Sources */,
				4C3F4450257F66B800012BE4 /* Leaderboards_ViewController.swift in Sources */,
				4CF2859725AC1D65004FC644 /* CustomTableCell.swift in Sources */,
				380F36C4256F570D00BA06C7 /* Board.swift in Sources */,
				4C12FBCF261FED0E005356EE /* ContinueGameViewController.swift in Sources */,
				38BEC54C25787809003E6D19 /* ColorHelper.swift in Sources */,
				4C4E26972582F71800C133F7 /* Login_ViewController.swift in Sources */,
				380BC51D256E379B00A8652C /* Tile.swift in Sources */,
				4CDDA03625770864001DB53F /* MusicPlayer.swift in Sources */,
				4C3F4419257EED4000012BE4 /* CustomLabel.swift in Sources */,
				4C69EA57257B682E00C3D2F2 /* SingleGame_ViewController.swift in Sources */,
				4C8DC1D1256E240400ECCCD5 /* AppDelegate.swift in Sources */,
				4CE7D79425A41B8E00E658F9 /* SingleGame.swift in Sources */,
				4CE7D79925A41DF700E658F9 /* SingleGameScoresDocument.swift in Sources */,
				4CF285BD25B7FD29004FC644 /* Leader.swift in Sources */,
				4CF8A6DA2579E19B009B98D3 /* Launch_ViewController.swift in Sources */,
				4CF285B825B7F69C004FC644 /* LeaderboardsTableCell.swift in Sources */,
				4C8DC1D3256E240400ECCCD5 /* SceneDelegate.swift in Sources */,
			);
			runOnlyForDeploymentPostprocessing = 0;
		};
		4C8DC1DF256E240700ECCCD5 /* Sources */ = {
			isa = PBXSourcesBuildPhase;
			buildActionMask = 2147483647;
			files = (
				4C8DC1E8256E240700ECCCD5 /* ColorClashTests.swift in Sources */,
			);
			runOnlyForDeploymentPostprocessing = 0;
		};
		4C8DC1EA256E240700ECCCD5 /* Sources */ = {
			isa = PBXSourcesBuildPhase;
			buildActionMask = 2147483647;
			files = (
				4C8DC1F3256E240700ECCCD5 /* ColorClashUITests.swift in Sources */,
			);
			runOnlyForDeploymentPostprocessing = 0;
		};
/* End PBXSourcesBuildPhase section */

/* Begin PBXTargetDependency section */
		4C8DC1E5256E240700ECCCD5 /* PBXTargetDependency */ = {
			isa = PBXTargetDependency;
			target = 4C8DC1CC256E240400ECCCD5 /* ColorClash */;
			targetProxy = 4C8DC1E4256E240700ECCCD5 /* PBXContainerItemProxy */;
		};
		4C8DC1F0256E240700ECCCD5 /* PBXTargetDependency */ = {
			isa = PBXTargetDependency;
			target = 4C8DC1CC256E240400ECCCD5 /* ColorClash */;
			targetProxy = 4C8DC1EF256E240700ECCCD5 /* PBXContainerItemProxy */;
		};
/* End PBXTargetDependency section */

/* Begin PBXVariantGroup section */
		4C8DC1D6256E240400ECCCD5 /* Main.storyboard */ = {
			isa = PBXVariantGroup;
			children = (
				4C8DC1D7256E240400ECCCD5 /* Base */,
			);
			name = Main.storyboard;
			sourceTree = "<group>";
		};
		4C8DC1DB256E240700ECCCD5 /* LaunchScreen.storyboard */ = {
			isa = PBXVariantGroup;
			children = (
				4C8DC1DC256E240700ECCCD5 /* Base */,
			);
			name = LaunchScreen.storyboard;
			sourceTree = "<group>";
		};
/* End PBXVariantGroup section */

/* Begin XCBuildConfiguration section */
		4C8DC1F5256E240700ECCCD5 /* Debug */ = {
			isa = XCBuildConfiguration;
			buildSettings = {
				ALWAYS_SEARCH_USER_PATHS = NO;
				CLANG_ANALYZER_NONNULL = YES;
				CLANG_ANALYZER_NUMBER_OBJECT_CONVERSION = YES_AGGRESSIVE;
				CLANG_CXX_LANGUAGE_STANDARD = "gnu++14";
				CLANG_CXX_LIBRARY = "libc++";
				CLANG_ENABLE_MODULES = YES;
				CLANG_ENABLE_OBJC_ARC = YES;
				CLANG_ENABLE_OBJC_WEAK = YES;
				CLANG_WARN_BLOCK_CAPTURE_AUTORELEASING = YES;
				CLANG_WARN_BOOL_CONVERSION = YES;
				CLANG_WARN_COMMA = YES;
				CLANG_WARN_CONSTANT_CONVERSION = YES;
				CLANG_WARN_DEPRECATED_OBJC_IMPLEMENTATIONS = YES;
				CLANG_WARN_DIRECT_OBJC_ISA_USAGE = YES_ERROR;
				CLANG_WARN_DOCUMENTATION_COMMENTS = YES;
				CLANG_WARN_EMPTY_BODY = YES;
				CLANG_WARN_ENUM_CONVERSION = YES;
				CLANG_WARN_INFINITE_RECURSION = YES;
				CLANG_WARN_INT_CONVERSION = YES;
				CLANG_WARN_NON_LITERAL_NULL_CONVERSION = YES;
				CLANG_WARN_OBJC_IMPLICIT_RETAIN_SELF = YES;
				CLANG_WARN_OBJC_LITERAL_CONVERSION = YES;
				CLANG_WARN_OBJC_ROOT_CLASS = YES_ERROR;
				CLANG_WARN_QUOTED_INCLUDE_IN_FRAMEWORK_HEADER = YES;
				CLANG_WARN_RANGE_LOOP_ANALYSIS = YES;
				CLANG_WARN_STRICT_PROTOTYPES = YES;
				CLANG_WARN_SUSPICIOUS_MOVE = YES;
				CLANG_WARN_UNGUARDED_AVAILABILITY = YES_AGGRESSIVE;
				CLANG_WARN_UNREACHABLE_CODE = YES;
				CLANG_WARN__DUPLICATE_METHOD_MATCH = YES;
				COPY_PHASE_STRIP = NO;
				DEBUG_INFORMATION_FORMAT = dwarf;
				ENABLE_STRICT_OBJC_MSGSEND = YES;
				ENABLE_TESTABILITY = YES;
				GCC_C_LANGUAGE_STANDARD = gnu11;
				GCC_DYNAMIC_NO_PIC = NO;
				GCC_NO_COMMON_BLOCKS = YES;
				GCC_OPTIMIZATION_LEVEL = 0;
				GCC_PREPROCESSOR_DEFINITIONS = (
					"DEBUG=1",
					"$(inherited)",
				);
				GCC_WARN_64_TO_32_BIT_CONVERSION = YES;
				GCC_WARN_ABOUT_RETURN_TYPE = YES_ERROR;
				GCC_WARN_UNDECLARED_SELECTOR = YES;
				GCC_WARN_UNINITIALIZED_AUTOS = YES_AGGRESSIVE;
				GCC_WARN_UNUSED_FUNCTION = YES;
				GCC_WARN_UNUSED_VARIABLE = YES;
				IPHONEOS_DEPLOYMENT_TARGET = 13.5;
				MTL_ENABLE_DEBUG_INFO = INCLUDE_SOURCE;
				MTL_FAST_MATH = YES;
				ONLY_ACTIVE_ARCH = YES;
				SDKROOT = iphoneos;
				SWIFT_ACTIVE_COMPILATION_CONDITIONS = DEBUG;
				SWIFT_OPTIMIZATION_LEVEL = "-Onone";
			};
			name = Debug;
		};
		4C8DC1F6256E240700ECCCD5 /* Release */ = {
			isa = XCBuildConfiguration;
			buildSettings = {
				ALWAYS_SEARCH_USER_PATHS = NO;
				CLANG_ANALYZER_NONNULL = YES;
				CLANG_ANALYZER_NUMBER_OBJECT_CONVERSION = YES_AGGRESSIVE;
				CLANG_CXX_LANGUAGE_STANDARD = "gnu++14";
				CLANG_CXX_LIBRARY = "libc++";
				CLANG_ENABLE_MODULES = YES;
				CLANG_ENABLE_OBJC_ARC = YES;
				CLANG_ENABLE_OBJC_WEAK = YES;
				CLANG_WARN_BLOCK_CAPTURE_AUTORELEASING = YES;
				CLANG_WARN_BOOL_CONVERSION = YES;
				CLANG_WARN_COMMA = YES;
				CLANG_WARN_CONSTANT_CONVERSION = YES;
				CLANG_WARN_DEPRECATED_OBJC_IMPLEMENTATIONS = YES;
				CLANG_WARN_DIRECT_OBJC_ISA_USAGE = YES_ERROR;
				CLANG_WARN_DOCUMENTATION_COMMENTS = YES;
				CLANG_WARN_EMPTY_BODY = YES;
				CLANG_WARN_ENUM_CONVERSION = YES;
				CLANG_WARN_INFINITE_RECURSION = YES;
				CLANG_WARN_INT_CONVERSION = YES;
				CLANG_WARN_NON_LITERAL_NULL_CONVERSION = YES;
				CLANG_WARN_OBJC_IMPLICIT_RETAIN_SELF = YES;
				CLANG_WARN_OBJC_LITERAL_CONVERSION = YES;
				CLANG_WARN_OBJC_ROOT_CLASS = YES_ERROR;
				CLANG_WARN_QUOTED_INCLUDE_IN_FRAMEWORK_HEADER = YES;
				CLANG_WARN_RANGE_LOOP_ANALYSIS = YES;
				CLANG_WARN_STRICT_PROTOTYPES = YES;
				CLANG_WARN_SUSPICIOUS_MOVE = YES;
				CLANG_WARN_UNGUARDED_AVAILABILITY = YES_AGGRESSIVE;
				CLANG_WARN_UNREACHABLE_CODE = YES;
				CLANG_WARN__DUPLICATE_METHOD_MATCH = YES;
				COPY_PHASE_STRIP = NO;
				DEBUG_INFORMATION_FORMAT = "dwarf-with-dsym";
				ENABLE_NS_ASSERTIONS = NO;
				ENABLE_STRICT_OBJC_MSGSEND = YES;
				GCC_C_LANGUAGE_STANDARD = gnu11;
				GCC_NO_COMMON_BLOCKS = YES;
				GCC_WARN_64_TO_32_BIT_CONVERSION = YES;
				GCC_WARN_ABOUT_RETURN_TYPE = YES_ERROR;
				GCC_WARN_UNDECLARED_SELECTOR = YES;
				GCC_WARN_UNINITIALIZED_AUTOS = YES_AGGRESSIVE;
				GCC_WARN_UNUSED_FUNCTION = YES;
				GCC_WARN_UNUSED_VARIABLE = YES;
				IPHONEOS_DEPLOYMENT_TARGET = 13.5;
				MTL_ENABLE_DEBUG_INFO = NO;
				MTL_FAST_MATH = YES;
				SDKROOT = iphoneos;
				SWIFT_COMPILATION_MODE = wholemodule;
				SWIFT_OPTIMIZATION_LEVEL = "-O";
				VALIDATE_PRODUCT = YES;
			};
			name = Release;
		};
		4C8DC1F8256E240700ECCCD5 /* Debug */ = {
			isa = XCBuildConfiguration;
			baseConfigurationReference = 6D3D50693A97405A743157BF /* Pods-ColorClash.debug.xcconfig */;
			buildSettings = {
				ASSETCATALOG_COMPILER_APPICON_NAME = AppIcon;
				ASSETCATALOG_COMPILER_GLOBAL_ACCENT_COLOR_NAME = AccentColor;
				CODE_SIGN_ENTITLEMENTS = ColorClash/ColorClash.entitlements;
				CODE_SIGN_IDENTITY = "iPhone Developer";
				CODE_SIGN_STYLE = Manual;
				CURRENT_PROJECT_VERSION = 1;
				DEVELOPMENT_TEAM = Y58Z2JJ8PD;
				INFOPLIST_FILE = ColorClash/Info.plist;
				IPHONEOS_DEPLOYMENT_TARGET = 13.5;
				LD_RUNPATH_SEARCH_PATHS = (
					"$(inherited)",
					"@executable_path/Frameworks",
				);
				MARKETING_VERSION = 1.2;
				OTHER_LDFLAGS = (
					"$(inherited)",
					"-l\"c++\"",
					"-l\"sqlite3\"",
					"-l\"stdc++\"",
					"-l\"z\"",
					"-framework",
					"\"AVFoundation\"",
					"-framework",
					"\"AudioToolbox\"",
					"-framework",
					"\"CFNetwork\"",
					"-framework",
					"\"CoreGraphics\"",
					"-framework",
					"\"CoreMedia\"",
					"-framework",
					"\"CoreTelephony\"",
					"-framework",
					"\"CoreVideo\"",
					"-framework",
					"\"FBLPromises\"",
					"-framework",
					"\"FBSDKCoreKit\"",
					"-framework",
					"\"FacebookCore\"",
					"-framework",
					"\"FirebaseAnalytics\"",
					"-framework",
					"\"FirebaseAuth\"",
					"-framework",
					"\"FirebaseCore\"",
					"-framework",
					"\"FirebaseCoreDiagnostics\"",
					"-framework",
					"\"FirebaseFirestore\"",
					"-framework",
					"\"FirebaseInstallations\"",
					"-framework",
					"\"FirebaseInstanceID\"",
					"-framework",
					"\"FirebaseMessaging\"",
					"-framework",
					"\"Foundation\"",
					"-framework",
					"\"GTMSessionFetcher\"",
					"-framework",
					"\"GoogleAppMeasurement\"",
					"-framework",
					"\"GoogleDataTransport\"",
					"-framework",
					"\"GoogleMobileAds\"",
					"-framework",
					"\"GoogleUtilities\"",
					"-framework",
					"\"MediaPlayer\"",
					"-framework",
					"\"MessageUI\"",
					"-framework",
					"\"MobileCoreServices\"",
					"-framework",
					"\"QuartzCore\"",
					"-framework",
					"\"SafariServices\"",
					"-framework",
					"\"Security\"",
					"-framework",
					"\"StoreKit\"",
					"-framework",
					"\"SystemConfiguration\"",
					"-framework",
					"\"TheAnimation\"",
					"-framework",
					"\"UIKit\"",
					"-framework",
					"\"UserMessagingPlatform\"",
					"-framework",
					"\"WebKit\"",
					"-framework",
					"\"absl\"",
					"-framework",
					"\"grpc\"",
					"-framework",
					"\"grpcpp\"",
					"-framework",
					"\"leveldb\"",
					"-framework",
					"\"nanopb\"",
					"-framework",
					"\"openssl_grpc\"",
					"-weak_framework",
					"\"Accelerate\"",
					"-weak_framework",
					"\"Accounts\"",
					"-weak_framework",
					"\"AdSupport\"",
					"-weak_framework",
					"\"AudioToolbox\"",
					"-weak_framework",
					"\"CoreGraphics\"",
					"-weak_framework",
					"\"CoreLocation\"",
					"-weak_framework",
					"\"Foundation\"",
					"-weak_framework",
					"\"JavaScriptCore\"",
					"-weak_framework",
					"\"QuartzCore\"",
					"-weak_framework",
					"\"SafariServices\"",
					"-weak_framework",
					"\"Security\"",
					"-weak_framework",
					"\"Social\"",
					"-weak_framework",
					"\"UIKit\"",
					"-weak_framework",
					"\"UserNotifications\"",
					"-weak_framework",
					"\"WebKit\"",
					"-ObjC",
				);
				PRODUCT_BUNDLE_IDENTIFIER = com.parkingpal.ColorClashGame;
				PRODUCT_NAME = "$(TARGET_NAME)";
				PROVISIONING_PROFILE_SPECIFIER = "Clashing Colors Development Profile";
				SWIFT_VERSION = 5.0;
				TARGETED_DEVICE_FAMILY = "1,2";
			};
			name = Debug;
		};
		4C8DC1F9256E240700ECCCD5 /* Release */ = {
			isa = XCBuildConfiguration;
			baseConfigurationReference = C5C17F8F289CFB9B803C1678 /* Pods-ColorClash.release.xcconfig */;
			buildSettings = {
				ASSETCATALOG_COMPILER_APPICON_NAME = AppIcon;
				ASSETCATALOG_COMPILER_GLOBAL_ACCENT_COLOR_NAME = AccentColor;
				CODE_SIGN_ENTITLEMENTS = ColorClash/ColorClash.entitlements;
				CODE_SIGN_IDENTITY = "iPhone Developer";
				CODE_SIGN_STYLE = Manual;
				CURRENT_PROJECT_VERSION = 1;
				DEVELOPMENT_TEAM = Y58Z2JJ8PD;
				INFOPLIST_FILE = ColorClash/Info.plist;
				IPHONEOS_DEPLOYMENT_TARGET = 13.5;
				LD_RUNPATH_SEARCH_PATHS = (
					"$(inherited)",
					"@executable_path/Frameworks",
				);
				MARKETING_VERSION = 1.2;
				OTHER_LDFLAGS = (
					"$(inherited)",
					"-l\"c++\"",
					"-l\"sqlite3\"",
					"-l\"stdc++\"",
					"-l\"z\"",
					"-framework",
					"\"AVFoundation\"",
					"-framework",
					"\"AudioToolbox\"",
					"-framework",
					"\"CFNetwork\"",
					"-framework",
					"\"CoreGraphics\"",
					"-framework",
					"\"CoreMedia\"",
					"-framework",
					"\"CoreTelephony\"",
					"-framework",
					"\"CoreVideo\"",
					"-framework",
					"\"FBLPromises\"",
					"-framework",
					"\"FBSDKCoreKit\"",
					"-framework",
					"\"FacebookCore\"",
					"-framework",
					"\"FirebaseAnalytics\"",
					"-framework",
					"\"FirebaseAuth\"",
					"-framework",
					"\"FirebaseCore\"",
					"-framework",
					"\"FirebaseCoreDiagnostics\"",
					"-framework",
					"\"FirebaseFirestore\"",
					"-framework",
					"\"FirebaseInstallations\"",
					"-framework",
					"\"FirebaseInstanceID\"",
					"-framework",
					"\"FirebaseMessaging\"",
					"-framework",
					"\"Foundation\"",
					"-framework",
					"\"GTMSessionFetcher\"",
					"-framework",
					"\"GoogleAppMeasurement\"",
					"-framework",
					"\"GoogleDataTransport\"",
					"-framework",
					"\"GoogleMobileAds\"",
					"-framework",
					"\"GoogleUtilities\"",
					"-framework",
					"\"MediaPlayer\"",
					"-framework",
					"\"MessageUI\"",
					"-framework",
					"\"MobileCoreServices\"",
					"-framework",
					"\"QuartzCore\"",
					"-framework",
					"\"SafariServices\"",
					"-framework",
					"\"Security\"",
					"-framework",
					"\"StoreKit\"",
					"-framework",
					"\"SystemConfiguration\"",
					"-framework",
					"\"TheAnimation\"",
					"-framework",
					"\"UIKit\"",
					"-framework",
					"\"UserMessagingPlatform\"",
					"-framework",
					"\"WebKit\"",
					"-framework",
					"\"absl\"",
					"-framework",
					"\"grpc\"",
					"-framework",
					"\"grpcpp\"",
					"-framework",
					"\"leveldb\"",
					"-framework",
					"\"nanopb\"",
					"-framework",
					"\"openssl_grpc\"",
					"-weak_framework",
					"\"Accelerate\"",
					"-weak_framework",
					"\"Accounts\"",
					"-weak_framework",
					"\"AdSupport\"",
					"-weak_framework",
					"\"AudioToolbox\"",
					"-weak_framework",
					"\"CoreGraphics\"",
					"-weak_framework",
					"\"CoreLocation\"",
					"-weak_framework",
					"\"Foundation\"",
					"-weak_framework",
					"\"JavaScriptCore\"",
					"-weak_framework",
					"\"QuartzCore\"",
					"-weak_framework",
					"\"SafariServices\"",
					"-weak_framework",
					"\"Security\"",
					"-weak_framework",
					"\"Social\"",
					"-weak_framework",
					"\"UIKit\"",
					"-weak_framework",
					"\"UserNotifications\"",
					"-weak_framework",
					"\"WebKit\"",
					"-ObjC",
				);
				PRODUCT_BUNDLE_IDENTIFIER = com.parkingpal.ColorClashGame;
				PRODUCT_NAME = "$(TARGET_NAME)";
				PROVISIONING_PROFILE_SPECIFIER = "Clashing Colors Development Profile";
				SWIFT_VERSION = 5.0;
				TARGETED_DEVICE_FAMILY = "1,2";
			};
			name = Release;
		};
		4C8DC1FB256E240700ECCCD5 /* Debug */ = {
			isa = XCBuildConfiguration;
			baseConfigurationReference = 848B9DB80C1DAC0B6F82EED5 /* Pods-ColorClashTests.debug.xcconfig */;
			buildSettings = {
				ALWAYS_EMBED_SWIFT_STANDARD_LIBRARIES = YES;
				BUNDLE_LOADER = "$(TEST_HOST)";
				CODE_SIGN_STYLE = Automatic;
				DEVELOPMENT_TEAM = UTWXQAE394;
				INFOPLIST_FILE = ColorClashTests/Info.plist;
				IPHONEOS_DEPLOYMENT_TARGET = 14.2;
				LD_RUNPATH_SEARCH_PATHS = (
					"$(inherited)",
					"@executable_path/Frameworks",
					"@loader_path/Frameworks",
				);
				PRODUCT_BUNDLE_IDENTIFIER = com.parkingpal.ColorClashTests;
				PRODUCT_NAME = "$(TARGET_NAME)";
				SWIFT_VERSION = 5.0;
				TARGETED_DEVICE_FAMILY = "1,2";
				TEST_HOST = "$(BUILT_PRODUCTS_DIR)/ColorClash.app/ColorClash";
			};
			name = Debug;
		};
		4C8DC1FC256E240700ECCCD5 /* Release */ = {
			isa = XCBuildConfiguration;
			baseConfigurationReference = D72E49169214A601D32BFEC6 /* Pods-ColorClashTests.release.xcconfig */;
			buildSettings = {
				ALWAYS_EMBED_SWIFT_STANDARD_LIBRARIES = YES;
				BUNDLE_LOADER = "$(TEST_HOST)";
				CODE_SIGN_STYLE = Automatic;
				DEVELOPMENT_TEAM = UTWXQAE394;
				INFOPLIST_FILE = ColorClashTests/Info.plist;
				IPHONEOS_DEPLOYMENT_TARGET = 14.2;
				LD_RUNPATH_SEARCH_PATHS = (
					"$(inherited)",
					"@executable_path/Frameworks",
					"@loader_path/Frameworks",
				);
				PRODUCT_BUNDLE_IDENTIFIER = com.parkingpal.ColorClashTests;
				PRODUCT_NAME = "$(TARGET_NAME)";
				SWIFT_VERSION = 5.0;
				TARGETED_DEVICE_FAMILY = "1,2";
				TEST_HOST = "$(BUILT_PRODUCTS_DIR)/ColorClash.app/ColorClash";
			};
			name = Release;
		};
		4C8DC1FE256E240700ECCCD5 /* Debug */ = {
			isa = XCBuildConfiguration;
			baseConfigurationReference = 5E2C709E1E6EB4EB5BBFC7C1 /* Pods-ColorClash-ColorClashUITests.debug.xcconfig */;
			buildSettings = {
				ALWAYS_EMBED_SWIFT_STANDARD_LIBRARIES = YES;
				CODE_SIGN_STYLE = Automatic;
				DEVELOPMENT_TEAM = UTWXQAE394;
				INFOPLIST_FILE = ColorClashUITests/Info.plist;
				LD_RUNPATH_SEARCH_PATHS = (
					"$(inherited)",
					"@executable_path/Frameworks",
					"@loader_path/Frameworks",
				);
				PRODUCT_BUNDLE_IDENTIFIER = com.parkingpal.ColorClashUITests;
				PRODUCT_NAME = "$(TARGET_NAME)";
				SWIFT_VERSION = 5.0;
				TARGETED_DEVICE_FAMILY = "1,2";
				TEST_TARGET_NAME = ColorClash;
			};
			name = Debug;
		};
		4C8DC1FF256E240700ECCCD5 /* Release */ = {
			isa = XCBuildConfiguration;
			baseConfigurationReference = D46602924C7953A746205637 /* Pods-ColorClash-ColorClashUITests.release.xcconfig */;
			buildSettings = {
				ALWAYS_EMBED_SWIFT_STANDARD_LIBRARIES = YES;
				CODE_SIGN_STYLE = Automatic;
				DEVELOPMENT_TEAM = UTWXQAE394;
				INFOPLIST_FILE = ColorClashUITests/Info.plist;
				LD_RUNPATH_SEARCH_PATHS = (
					"$(inherited)",
					"@executable_path/Frameworks",
					"@loader_path/Frameworks",
				);
				PRODUCT_BUNDLE_IDENTIFIER = com.parkingpal.ColorClashUITests;
				PRODUCT_NAME = "$(TARGET_NAME)";
				SWIFT_VERSION = 5.0;
				TARGETED_DEVICE_FAMILY = "1,2";
				TEST_TARGET_NAME = ColorClash;
			};
			name = Release;
		};
/* End XCBuildConfiguration section */

/* Begin XCConfigurationList section */
		4C8DC1C8256E240400ECCCD5 /* Build configuration list for PBXProject "ColorClash" */ = {
			isa = XCConfigurationList;
			buildConfigurations = (
				4C8DC1F5256E240700ECCCD5 /* Debug */,
				4C8DC1F6256E240700ECCCD5 /* Release */,
			);
			defaultConfigurationIsVisible = 0;
			defaultConfigurationName = Release;
		};
		4C8DC1F7256E240700ECCCD5 /* Build configuration list for PBXNativeTarget "ColorClash" */ = {
			isa = XCConfigurationList;
			buildConfigurations = (
				4C8DC1F8256E240700ECCCD5 /* Debug */,
				4C8DC1F9256E240700ECCCD5 /* Release */,
			);
			defaultConfigurationIsVisible = 0;
			defaultConfigurationName = Release;
		};
		4C8DC1FA256E240700ECCCD5 /* Build configuration list for PBXNativeTarget "ColorClashTests" */ = {
			isa = XCConfigurationList;
			buildConfigurations = (
				4C8DC1FB256E240700ECCCD5 /* Debug */,
				4C8DC1FC256E240700ECCCD5 /* Release */,
			);
			defaultConfigurationIsVisible = 0;
			defaultConfigurationName = Release;
		};
		4C8DC1FD256E240700ECCCD5 /* Build configuration list for PBXNativeTarget "ColorClashUITests" */ = {
			isa = XCConfigurationList;
			buildConfigurations = (
				4C8DC1FE256E240700ECCCD5 /* Debug */,
				4C8DC1FF256E240700ECCCD5 /* Release */,
			);
			defaultConfigurationIsVisible = 0;
			defaultConfigurationName = Release;
		};
/* End XCConfigurationList section */
	};
	rootObject = 4C8DC1C5256E240400ECCCD5 /* Project object */;
}
